
Microsoft Visual Studio Solution File, Format Version 11.00
# Visual Studio 2010
Project("{F184B08F-C81C-45F6-A57F-5ABD9991F28F}") = "Ejercicio1_pr15", "Ejercicio1_pr15\Ejercicio1_pr15.vbproj", "{AC297312-3878-4203-B9C8-2E9EDE09A93C}"
EndProject
Global
	GlobalSection(SolutionConfigurationPlatforms) = preSolution
		Debug|x86 = Debug|x86
		Release|x86 = Release|x86
	EndGlobalSection
	GlobalSection(ProjectConfigurationPlatforms) = postSolution
		{AC297312-3878-4203-B9C8-2E9EDE09A93C}.Debug|x86.ActiveCfg = Debug|x86
		{AC297312-3878-4203-B9C8-2E9EDE09A93C}.Debug|x86.Build.0 = Debug|x86
		{AC297312-3878-4203-B9C8-2E9EDE09A93C}.Release|x86.ActiveCfg = Release|x86
		{AC297312-3878-4203-B9C8-2E9EDE09A93C}.Release|x86.Build.0 = Release|x86
	EndGlobalSection
	GlobalSection(SolutionProperties) = preSolution
		HideSolutionNode = FALSE
	EndGlobalSection
EndGlobal
